
Microsoft Visual Studio Solution File, Format Version 12.00
# Visual Studio 15
VisualStudioVersion = 15.0.28010.2048
MinimumVisualStudioVersion = 10.0.40219.1
Project("{FAE04EC0-301F-11D3-BF4B-00C04F79EFBC}") = "DeputySQSTest", "DeputySQSTest\DeputySQSTest.csproj", "{5E8E5821-0F7E-49C2-A451-A0773797A5C3}"
EndProject
Global
	GlobalSection(SolutionConfigurationPlatforms) = preSolution
		Debug|Any CPU = Debug|Any CPU
		Release|Any CPU = Release|Any CPU
	EndGlobalSection
	GlobalSection(ProjectConfigurationPlatforms) = postSolution
		{5E8E5821-0F7E-49C2-A451-A0773797A5C3}.Debug|Any CPU.ActiveCfg = Debug|Any CPU
		{5E8E5821-0F7E-49C2-A451-A0773797A5C3}.Debug|Any CPU.Build.0 = Debug|Any CPU
		{5E8E5821-0F7E-49C2-A451-A0773797A5C3}.Release|Any CPU.ActiveCfg = Release|Any CPU
		{5E8E5821-0F7E-49C2-A451-A0773797A5C3}.Release|Any CPU.Build.0 = Release|Any CPU
	EndGlobalSection
	GlobalSection(SolutionProperties) = preSolution
		HideSolutionNode = FALSE
	EndGlobalSection
	GlobalSection(ExtensibilityGlobals) = postSolution
		SolutionGuid = {B06EC4C3-54FD-48A5-B2D2-A1CEEA0FDBB7}
	EndGlobalSection
EndGlobal
